
Microsoft Visual Studio Solution File, Format Version 12.00
# Visual Studio Version 17
VisualStudioVersion = 17.11.35312.102
MinimumVisualStudioVersion = 10.0.40219.1
Project("{FAE04EC0-301F-11D3-BF4B-00C04F79EFBC}") = "WebApplicationPractice", "WebApplicationPractice\WebApplicationPractice.csproj", "{0D511307-96FE-4CF1-9262-0130A641F617}"
EndProject
Global
	GlobalSection(SolutionConfigurationPlatforms) = preSolution
		Debug|Any CPU = Debug|Any CPU
		Release|Any CPU = Release|Any CPU
	EndGlobalSection
	GlobalSection(ProjectConfigurationPlatforms) = postSolution
		{0D511307-96FE-4CF1-9262-0130A641F617}.Debug|Any CPU.ActiveCfg = Debug|Any CPU
		{0D511307-96FE-4CF1-9262-0130A641F617}.Debug|Any CPU.Build.0 = Debug|Any CPU
		{0D511307-96FE-4CF1-9262-0130A641F617}.Release|Any CPU.ActiveCfg = Release|Any CPU
		{0D511307-96FE-4CF1-9262-0130A641F617}.Release|Any CPU.Build.0 = Release|Any CPU
	EndGlobalSection
	GlobalSection(SolutionProperties) = preSolution
		HideSolutionNode = FALSE
	EndGlobalSection
	GlobalSection(ExtensibilityGlobals) = postSolution
		SolutionGuid = {103655C4-1684-4665-8EF2-309B79232934}
	EndGlobalSection
EndGlobal
