
Microsoft Visual Studio Solution File, Format Version 12.00
# Visual Studio Version 17
VisualStudioVersion = 17.11.35312.102
MinimumVisualStudioVersion = 10.0.40219.1
Project("{FAE04EC0-301F-11D3-BF4B-00C04F79EFBC}") = "SchoolManagement", "SchoolManagement\SchoolManagement.csproj", "{DCD841B4-CF70-48E6-8668-FC3BC5D5273F}"
EndProject
Global
	GlobalSection(SolutionConfigurationPlatforms) = preSolution
		Debug|Any CPU = Debug|Any CPU
		Release|Any CPU = Release|Any CPU
	EndGlobalSection
	GlobalSection(ProjectConfigurationPlatforms) = postSolution
		{DCD841B4-CF70-48E6-8668-FC3BC5D5273F}.Debug|Any CPU.ActiveCfg = Debug|Any CPU
		{DCD841B4-CF70-48E6-8668-FC3BC5D5273F}.Debug|Any CPU.Build.0 = Debug|Any CPU
		{DCD841B4-CF70-48E6-8668-FC3BC5D5273F}.Release|Any CPU.ActiveCfg = Release|Any CPU
		{DCD841B4-CF70-48E6-8668-FC3BC5D5273F}.Release|Any CPU.Build.0 = Release|Any CPU
	EndGlobalSection
	GlobalSection(SolutionProperties) = preSolution
		HideSolutionNode = FALSE
	EndGlobalSection
	GlobalSection(ExtensibilityGlobals) = postSolution
		SolutionGuid = {608E509E-D610-4CC8-B8EC-5E7A67D4362B}
	EndGlobalSection
EndGlobal
